
Microsoft Visual Studio Solution File, Format Version 12.00
# Visual Studio Version 17
VisualStudioVersion = 17.3.32901.215
MinimumVisualStudioVersion = 10.0.40219.1
Project("{FAE04EC0-301F-11D3-BF4B-00C04F79EFBC}") = "Пр_9", "Пр_9\Пр_9.csproj", "{45678A26-338F-45E6-B1BC-687AF0F98F36}"
EndProject
Global
	GlobalSection(SolutionConfigurationPlatforms) = preSolution
		Debug|Any CPU = Debug|Any CPU
		Release|Any CPU = Release|Any CPU
	EndGlobalSection
	GlobalSection(ProjectConfigurationPlatforms) = postSolution
		{45678A26-338F-45E6-B1BC-687AF0F98F36}.Debug|Any CPU.ActiveCfg = Debug|Any CPU
		{45678A26-338F-45E6-B1BC-687AF0F98F36}.Debug|Any CPU.Build.0 = Debug|Any CPU
		{45678A26-338F-45E6-B1BC-687AF0F98F36}.Release|Any CPU.ActiveCfg = Release|Any CPU
		{45678A26-338F-45E6-B1BC-687AF0F98F36}.Release|Any CPU.Build.0 = Release|Any CPU
	EndGlobalSection
	GlobalSection(SolutionProperties) = preSolution
		HideSolutionNode = FALSE
	EndGlobalSection
	GlobalSection(ExtensibilityGlobals) = postSolution
		SolutionGuid = {705732EF-F1D4-41CB-A271-4C3305940E23}
	EndGlobalSection
EndGlobal
